{
  "name": "akai-sampler",
  "version": "1.0.0",
  "lockfileVersion": 3,
  "requires": true,
  "packages": {
    "": {
      "name": "akai-sampler",
      "version": "1.0.0",
      "license": "ISC",
      "dependencies": {
        "lodash": "^4.17.21",
        "riff-parser": "^1.0.1"
      }
    },
    "node_modules/lodash": {
      "version": "4.17.21",
      "resolved": "https://registry.npmjs.org/lodash/-/lodash-4.17.21.tgz",
      "integrity": "sha512-v2kDEe57lecTulaDIuNTPy3Ry4gLGJ6Z1O3vE1krgXZNrsQ+LFTGHVxVjcXPs17LhbZVGedAJv8XZ1tvj5FvSg==",
      "license": "MIT"
    },
    "node_modules/riff-parser": {
      "version": "1.0.1",
      "resolved": "https://registry.npmjs.org/riff-parser/-/riff-parser-1.0.1.tgz",
      "integrity": "sha512-D+VANQ1S7iMSRJeGk0kuRFKNX+aiYlc0IVlGZc4R8lLMS46yV8jH7rX5ekDpMxRZpf+Yem+eR8oKA920JPmBFA==",
      "license": "MIT"
    }
  }
}
